Microsoft Visual Studio Solution File, Format Version 12.00
# Visual Studio Version 17
VisualStudioVersion = 17.0.31314.256
MinimumVisualStudioVersion = 10.0.40219.1
Project("{2150E333-8FDC-42A3-9474-1A3956D46DE8}") = "Flax", "Flax", "{4D234882-63F5-48BD-B61A-86C392CDD257}"
EndProject
Project("{8BC9CEB8-8B4A-11D0-8D11-00A0C91BC942}") = "BasicThemePark", "Cache\Projects\BasicThemePark.vcxproj", "{624CBC2C-C7ED-4746-8F06-DC58C0F48BEF}"
EndProject
Project("{8BC9CEB8-8B4A-11D0-8D11-00A0C91BC942}") = "Flax", "Cache\Projects\Flax.vcxproj", "{807CD323-95D5-4F28-BEF6-0BD308BC7DDC}"
EndProject
Project("{FAE04EC0-301F-11D3-BF4B-00C04F79EFBC}") = "Game", "Source\Game.csproj", "{4D857786-65F3-4E58-B337-B7EFCCB27701}"
EndProject
Project("{FAE04EC0-301F-11D3-BF4B-00C04F79EFBC}") = "BuildScripts", "Cache\Projects\BuildScripts.csproj", "{CBD57229-6E5E-4C91-882E-79C12333C40D}"
EndProject
Global
	GlobalSection(SolutionConfigurationPlatforms) = preSolution
		Editor.Debug|Win64 = Editor.Debug|Win64
		Editor.Development|Win64 = Editor.Development|Win64
		Editor.Release|Win64 = Editor.Release|Win64
		Game.Debug|Win64 = Game.Debug|Win64
		Game.Development|Win64 = Game.Development|Win64
		Game.Release|Win64 = Game.Release|Win64
	EndGlobalSection
	GlobalSection(ProjectConfigurationPlatforms) = postSolution
		{624CBC2C-C7ED-4746-8F06-DC58C0F48BEF}.Editor.Debug|Win64.ActiveCfg = Editor.Windows.Debug|x64
		{624CBC2C-C7ED-4746-8F06-DC58C0F48BEF}.Editor.Debug|Win64.Build.0 = Editor.Windows.Debug|x64
		{624CBC2C-C7ED-4746-8F06-DC58C0F48BEF}.Editor.Development|Win64.ActiveCfg = Editor.Windows.Development|x64
		{624CBC2C-C7ED-4746-8F06-DC58C0F48BEF}.Editor.Development|Win64.Build.0 = Editor.Windows.Development|x64
		{624CBC2C-C7ED-4746-8F06-DC58C0F48BEF}.Editor.Release|Win64.ActiveCfg = Editor.Windows.Release|x64
		{624CBC2C-C7ED-4746-8F06-DC58C0F48BEF}.Editor.Release|Win64.Build.0 = Editor.Windows.Release|x64
		{624CBC2C-C7ED-4746-8F06-DC58C0F48BEF}.Game.Debug|Win64.ActiveCfg = Game.Windows.Debug|x64
		{624CBC2C-C7ED-4746-8F06-DC58C0F48BEF}.Game.Debug|Win64.Build.0 = Game.Windows.Debug|x64
		{624CBC2C-C7ED-4746-8F06-DC58C0F48BEF}.Game.Development|Win64.ActiveCfg = Game.Windows.Development|x64
		{624CBC2C-C7ED-4746-8F06-DC58C0F48BEF}.Game.Development|Win64.Build.0 = Game.Windows.Development|x64
		{624CBC2C-C7ED-4746-8F06-DC58C0F48BEF}.Game.Release|Win64.ActiveCfg = Game.Windows.Release|x64
		{624CBC2C-C7ED-4746-8F06-DC58C0F48BEF}.Game.Release|Win64.Build.0 = Game.Windows.Release|x64
		{807CD323-95D5-4F28-BEF6-0BD308BC7DDC}.Editor.Debug|Win64.ActiveCfg = Editor.Windows.Debug|x64
		{807CD323-95D5-4F28-BEF6-0BD308BC7DDC}.Editor.Development|Win64.ActiveCfg = Editor.Windows.Development|x64
		{807CD323-95D5-4F28-BEF6-0BD308BC7DDC}.Editor.Release|Win64.ActiveCfg = Editor.Windows.Release|x64
		{807CD323-95D5-4F28-BEF6-0BD308BC7DDC}.Game.Debug|Win64.ActiveCfg = Game.Windows.Debug|x64
		{807CD323-95D5-4F28-BEF6-0BD308BC7DDC}.Game.Development|Win64.ActiveCfg = Game.Windows.Development|x64
		{807CD323-95D5-4F28-BEF6-0BD308BC7DDC}.Game.Release|Win64.ActiveCfg = Game.Windows.Release|x64
		{4D857786-65F3-4E58-B337-B7EFCCB27701}.Editor.Debug|Win64.ActiveCfg = Editor.Windows.Debug|x64
		{4D857786-65F3-4E58-B337-B7EFCCB27701}.Editor.Debug|Win64.Build.0 = Editor.Windows.Debug|x64
		{4D857786-65F3-4E58-B337-B7EFCCB27701}.Editor.Development|Win64.ActiveCfg = Editor.Windows.Development|x64
		{4D857786-65F3-4E58-B337-B7EFCCB27701}.Editor.Development|Win64.Build.0 = Editor.Windows.Development|x64
		{4D857786-65F3-4E58-B337-B7EFCCB27701}.Editor.Release|Win64.ActiveCfg = Editor.Windows.Release|x64
		{4D857786-65F3-4E58-B337-B7EFCCB27701}.Editor.Release|Win64.Build.0 = Editor.Windows.Release|x64
		{4D857786-65F3-4E58-B337-B7EFCCB27701}.Game.Debug|Win64.ActiveCfg = Game.Windows.Debug|x64
		{4D857786-65F3-4E58-B337-B7EFCCB27701}.Game.Debug|Win64.Build.0 = Game.Windows.Debug|x64
		{4D857786-65F3-4E58-B337-B7EFCCB27701}.Game.Development|Win64.ActiveCfg = Game.Windows.Development|x64
		{4D857786-65F3-4E58-B337-B7EFCCB27701}.Game.Development|Win64.Build.0 = Game.Windows.Development|x64
		{4D857786-65F3-4E58-B337-B7EFCCB27701}.Game.Release|Win64.ActiveCfg = Game.Windows.Release|x64
		{4D857786-65F3-4E58-B337-B7EFCCB27701}.Game.Release|Win64.Build.0 = Game.Windows.Release|x64
		{CBD57229-6E5E-4C91-882E-79C12333C40D}.Editor.Debug|Win64.ActiveCfg = Debug|Any CPU
		{CBD57229-6E5E-4C91-882E-79C12333C40D}.Editor.Development|Win64.ActiveCfg = Debug|Any CPU
		{CBD57229-6E5E-4C91-882E-79C12333C40D}.Editor.Release|Win64.ActiveCfg = Debug|Any CPU
		{CBD57229-6E5E-4C91-882E-79C12333C40D}.Game.Debug|Win64.ActiveCfg = Debug|Any CPU
		{CBD57229-6E5E-4C91-882E-79C12333C40D}.Game.Development|Win64.ActiveCfg = Debug|Any CPU
		{CBD57229-6E5E-4C91-882E-79C12333C40D}.Game.Release|Win64.ActiveCfg = Debug|Any CPU
	EndGlobalSection
	GlobalSection(SolutionProperties) = preSolution
		HideSolutionNode = FALSE
	EndGlobalSection
	GlobalSection(NestedProjects) = preSolution
		{807CD323-95D5-4F28-BEF6-0BD308BC7DDC} = {4D234882-63F5-48BD-B61A-86C392CDD257}
	EndGlobalSection
	GlobalSection(ExtensibilityGlobals) = postSolution
		SolutionGuid = {C9A9FB3A-3FFD-4486-8C8C-E015BBCE5D94}
	EndGlobalSection
EndGlobal
